
Microsoft Visual Studio Solution File, Format Version 12.00
# Visual Studio Version 16
VisualStudioVersion = 16.0.30011.22
MinimumVisualStudioVersion = 10.0.40219.1
Project("{9A19103F-16F7-4668-BE54-9A1E7A4F7556}") = "CampeonatoBrasileiroAPI.Helpers", "CampeonatoBrasileiroAPI.Helpers\CampeonatoBrasileiroAPI.Helpers.csproj", "{1EF406F8-DEED-4722-81C1-49F2052D7D79}"
EndProject
Project("{9A19103F-16F7-4668-BE54-9A1E7A4F7556}") = "CampeonatoBrasileiroAPI", "CampeonatoBrasileiroAPI\CampeonatoBrasileiroAPI.csproj", "{A4E1B26D-6FEF-4213-BC02-2E6CA96981C5}"
EndProject
Project("{9A19103F-16F7-4668-BE54-9A1E7A4F7556}") = "CampeonatoBrasileiroAPI.TestesUnitarios", "CampeonatoBrasileiroAPI.TestesUnitarios\CampeonatoBrasileiroAPI.TestesUnitarios.csproj", "{B8AA0D63-95FC-4D3E-B154-A07D7123F02E}"
EndProject
Global
	GlobalSection(SolutionConfigurationPlatforms) = preSolution
		Debug|Any CPU = Debug|Any CPU
		Release|Any CPU = Release|Any CPU
	EndGlobalSection
	GlobalSection(ProjectConfigurationPlatforms) = postSolution
		{1EF406F8-DEED-4722-81C1-49F2052D7D79}.Debug|Any CPU.ActiveCfg = Debug|Any CPU
		{1EF406F8-DEED-4722-81C1-49F2052D7D79}.Debug|Any CPU.Build.0 = Debug|Any CPU
		{1EF406F8-DEED-4722-81C1-49F2052D7D79}.Release|Any CPU.ActiveCfg = Release|Any CPU
		{1EF406F8-DEED-4722-81C1-49F2052D7D79}.Release|Any CPU.Build.0 = Release|Any CPU
		{A4E1B26D-6FEF-4213-BC02-2E6CA96981C5}.Debug|Any CPU.ActiveCfg = Debug|Any CPU
		{A4E1B26D-6FEF-4213-BC02-2E6CA96981C5}.Debug|Any CPU.Build.0 = Debug|Any CPU
		{A4E1B26D-6FEF-4213-BC02-2E6CA96981C5}.Release|Any CPU.ActiveCfg = Release|Any CPU
		{A4E1B26D-6FEF-4213-BC02-2E6CA96981C5}.Release|Any CPU.Build.0 = Release|Any CPU
		{B8AA0D63-95FC-4D3E-B154-A07D7123F02E}.Debug|Any CPU.ActiveCfg = Debug|Any CPU
		{B8AA0D63-95FC-4D3E-B154-A07D7123F02E}.Debug|Any CPU.Build.0 = Debug|Any CPU
		{B8AA0D63-95FC-4D3E-B154-A07D7123F02E}.Release|Any CPU.ActiveCfg = Release|Any CPU
		{B8AA0D63-95FC-4D3E-B154-A07D7123F02E}.Release|Any CPU.Build.0 = Release|Any CPU
	EndGlobalSection
	GlobalSection(SolutionProperties) = preSolution
		HideSolutionNode = FALSE
	EndGlobalSection
	GlobalSection(ExtensibilityGlobals) = postSolution
		SolutionGuid = {BF6E16F8-1DCF-49C3-B7B3-8637A6B07652}
	EndGlobalSection
EndGlobal
